github.com/NodePassProject/conn v1.1.1 h1:OfXr9YWHwleBKm7z+I8BtGocwp9SNBEaNS5hLL67/Zs=
github.com/NodePassProject/conn v1.1.1/go.mod h1:FVpqLcAVfmTTzRHPY/xybOJfrJl7xvu2g0+nNc8qoos=
github.com/NodePassProject/logs v1.1.1 h1:A0iiDBh8T3eQ2GHgz9cYLDpN0iF9sSWEKHBYIaecndU=
github.com/NodePassProject/logs v1.1.1/go.mod h1:xsrjYpUKweD4XTMSQJ3i4ZX5ZyN2HfUmhSg2ui/XHVA=
github.com/NodePassProject/nph2 v1.1.1 h1:Zci9/gLkq/SSeoapRlDoztfDNmoxoqhnSapsCg885G4=
github.com/NodePassProject/nph2 v1.1.1/go.mod h1:K2frDcrEEtKQpfJEf+S59zxrF2KGQY2dJ09MV/vMuGw=
github.com/NodePassProject/npws v1.1.1 h1:sgFT5BoGVs7T22AYm5j6eNzsQVqIes6DfKAnV0m8OUo=
github.com/NodePassProject/npws v1.1.1/go.mod h1:+4P05yO7z2azsUMBkalMZoXKjTyP6EMIVsC3lbr8R18=
github.com/NodePassProject/pool v1.1.1 h1:lB2VOugaRUcnBWPRw5bEGLSfS1KvmtXeB8RAoG265Ro=
github.com/NodePassProject/pool v1.1.1/go.mod h1:Uo197u1OVTX4fB3m4EpzRkAKuHf2vZj5CdleBt4EceQ=
github.com/NodePassProject/quic v1.1.1 h1:fJhu2bwsEtAX6XekDVyViGSxh/6KZmtqbQEE8RhdQbk=
github.com/NodePassProject/quic v1.1.1/go.mod h1:BZw8t6TXP0ikUmQiK8aKSUrZ9WIpg5NkYWCZaaf/Tsk=
github.com/coder/websocket v1.8.14 h1:9L0p0iKiNOibykf283eHkKUHHrpG7f65OE3BhhO7v9g=
github.com/coder/websocket v1.8.14/go.mod h1:NX3SzP+inril6yawo5CQXx8+fk145lPDC6pumgx0mVg=
github.com/davecgh/go-spew v1.1.1 h1:vj9j/u1bqnvCEfJOwUhtlOARqs3+rkHYY13jYWTU97c=
github.com/davecgh/go-spew v1.1.1/go.mod h1:J7Y8YcW2NihsgmVo/mv3lAwl/skON4iLHjSsI+c5H38=
github.com/pmezard/go-difflib v1.0.0 h1:4DBwDE0NGyQoBHbLQYPwSUPoCMWR5BEzIk/f1lZbAQM=
github.com/pmezard/go-difflib v1.0.0/go.mod h1:iKH77koFhYxTK1pcRnkKkqfTogsbg7gZNVY4sRDYZ/4=
github.com/quic-go/quic-go v0.59.0 h1:OLJkp1Mlm/aS7dpKgTc6cnpynnD2Xg7C1pwL6vy/SAw=
github.com/quic-go/quic-go v0.59.0/go.mod h1:upnsH4Ju1YkqpLXC305eW3yDZ4NfnNbmQRCMWS58IKU=
github.com/stretchr/testify v1.11.1 h1:7s2iGBzp5EwR7/aIZr8ao5+dra3wiQyKjjFuvgVKu7U=
github.com/stretchr/testify v1.11.1/go.mod h1:wZwfW3scLgRK+23gO65QZefKpKQRnfz6sD981Nm4B6U=
go.uber.org/mock v0.5.2 h1:LbtPTcP8A5k9WPXj54PPPbjcI4Y6lhyOZXn+VS7wNko=
go.uber.org/mock v0.5.2/go.mod h1:wLlUxC2vVTPTaE3UD51E0BGOAElKrILxhVSDYQLld5o=
golang.org/x/crypto v0.48.0 h1:/VRzVqiRSggnhY7gNRxPauEQ5Drw9haKdM0jqfcCFts=
golang.org/x/crypto v0.48.0/go.mod h1:r0kV5h3qnFPlQnBSrULhlsRfryS2pmewsg+XfMgkVos=
golang.org/x/net v0.50.0 h1:ucWh9eiCGyDR3vtzso0WMQinm2Dnt8cFMuQa9K33J60=
golang.org/x/net v0.50.0/go.mod h1:UgoSli3F/pBgdJBHCTc+tp3gmrU4XswgGRgtnwWTfyM=
golang.org/x/sys v0.41.0 h1:Ivj+2Cp/ylzLiEU89QhWblYnOE9zerudt9Ftecq2C6k=
golang.org/x/sys v0.41.0/go.mod h1:OgkHotnGiDImocRcuBABYBEXf8A9a87e/uXjp9XT3ks=
golang.org/x/text v0.34.0 h1:oL/Qq0Kdaqxa1KbNeMKwQq0reLCCaFtqu2eNuSeNHbk=
golang.org/x/text v0.34.0/go.mod h1:homfLqTYRFyVYemLBFl5GgL/DWEiH5wcsQ5gSh1yziA=
gopkg.in/yaml.v3 v3.0.1 h1:fxVm/GzAzEWqLHuvctI91KS9hhNmmWOoWu0XTYJS7CA=
gopkg.in/yaml.v3 v3.0.1/go.mod h1:K4uyk7z7BCEPqu6E+C64Yfv1cQ7kz7rIZviUmN+EgEM=
